
Microsoft Visual Studio Solution File, Format Version 12.00
# Visual Studio Version 17
VisualStudioVersion = 17.10.35013.160
MinimumVisualStudioVersion = 10.0.40219.1
Project("{FAE04EC0-301F-11D3-BF4B-00C04F79EFBC}") = "datagridview", "datagridview\datagridview.csproj", "{18F086E9-ADF6-47B5-B77A-CEE0C16F395C}"
EndProject
Project("{FAE04EC0-301F-11D3-BF4B-00C04F79EFBC}") = "datagridview.Contracts", "datagridview.Contracts\datagridview.Contracts.csproj", "{849AB7D4-E620-4A8C-9E14-8C12DAA4C251}"
EndProject
Project("{FAE04EC0-301F-11D3-BF4B-00C04F79EFBC}") = "datagridview.Tour.Manager", "datagridview.Tour.Manager\datagridview.Tour.Manager.csproj", "{4977405D-6024-420C-A918-38C2AAD3A076}"
EndProject
Global
	GlobalSection(SolutionConfigurationPlatforms) = preSolution
		Debug|Any CPU = Debug|Any CPU
		Release|Any CPU = Release|Any CPU
	EndGlobalSection
	GlobalSection(ProjectConfigurationPlatforms) = postSolution
		{18F086E9-ADF6-47B5-B77A-CEE0C16F395C}.Debug|Any CPU.ActiveCfg = Debug|Any CPU
		{18F086E9-ADF6-47B5-B77A-CEE0C16F395C}.Debug|Any CPU.Build.0 = Debug|Any CPU
		{18F086E9-ADF6-47B5-B77A-CEE0C16F395C}.Release|Any CPU.ActiveCfg = Release|Any CPU
		{18F086E9-ADF6-47B5-B77A-CEE0C16F395C}.Release|Any CPU.Build.0 = Release|Any CPU
		{849AB7D4-E620-4A8C-9E14-8C12DAA4C251}.Debug|Any CPU.ActiveCfg = Debug|Any CPU
		{849AB7D4-E620-4A8C-9E14-8C12DAA4C251}.Debug|Any CPU.Build.0 = Debug|Any CPU
		{849AB7D4-E620-4A8C-9E14-8C12DAA4C251}.Release|Any CPU.ActiveCfg = Release|Any CPU
		{849AB7D4-E620-4A8C-9E14-8C12DAA4C251}.Release|Any CPU.Build.0 = Release|Any CPU
		{4977405D-6024-420C-A918-38C2AAD3A076}.Debug|Any CPU.ActiveCfg = Debug|Any CPU
		{4977405D-6024-420C-A918-38C2AAD3A076}.Debug|Any CPU.Build.0 = Debug|Any CPU
		{4977405D-6024-420C-A918-38C2AAD3A076}.Release|Any CPU.ActiveCfg = Release|Any CPU
		{4977405D-6024-420C-A918-38C2AAD3A076}.Release|Any CPU.Build.0 = Release|Any CPU
	EndGlobalSection
	GlobalSection(SolutionProperties) = preSolution
		HideSolutionNode = FALSE
	EndGlobalSection
	GlobalSection(ExtensibilityGlobals) = postSolution
		SolutionGuid = {3910E88F-3128-400D-AD6A-1846372F19F7}
	EndGlobalSection
EndGlobal
