
Microsoft Visual Studio Solution File, Format Version 12.00
# Visual Studio Version 17
VisualStudioVersion = 17.10.35013.160
MinimumVisualStudioVersion = 10.0.40219.1
Project("{9A19103F-16F7-4668-BE54-9A1E7A4F7556}") = "datagridview.Contracts", "datagridview.Contracts\datagridview.Contracts.csproj", "{849AB7D4-E620-4A8C-9E14-8C12DAA4C251}"
EndProject
Project("{9A19103F-16F7-4668-BE54-9A1E7A4F7556}") = "datagridview.Tour.Manager", "datagridview.Tour.Manager\datagridview.Tour.Manager.csproj", "{4977405D-6024-420C-A918-38C2AAD3A076}"
EndProject
Project("{9A19103F-16F7-4668-BE54-9A1E7A4F7556}") = "datagridview", "datagridview\datagridview.csproj", "{50C6AAB8-EDFA-4E7F-B818-E5DF1509A76F}"
EndProject
Project("{9A19103F-16F7-4668-BE54-9A1E7A4F7556}") = "datagridview.Tour.Storage", "datagridview.Tour.Storage\datagridview.Tour.Storage.csproj", "{726D35B4-3969-4CEF-B5C8-CAE0918ECB7D}"
EndProject
Global
	GlobalSection(SolutionConfigurationPlatforms) = preSolution
		Debug|Any CPU = Debug|Any CPU
		Release|Any CPU = Release|Any CPU
	EndGlobalSection
	GlobalSection(ProjectConfigurationPlatforms) = postSolution
		{849AB7D4-E620-4A8C-9E14-8C12DAA4C251}.Debug|Any CPU.ActiveCfg = Debug|Any CPU
		{849AB7D4-E620-4A8C-9E14-8C12DAA4C251}.Debug|Any CPU.Build.0 = Debug|Any CPU
		{849AB7D4-E620-4A8C-9E14-8C12DAA4C251}.Release|Any CPU.ActiveCfg = Release|Any CPU
		{849AB7D4-E620-4A8C-9E14-8C12DAA4C251}.Release|Any CPU.Build.0 = Release|Any CPU
		{4977405D-6024-420C-A918-38C2AAD3A076}.Debug|Any CPU.ActiveCfg = Debug|Any CPU
		{4977405D-6024-420C-A918-38C2AAD3A076}.Debug|Any CPU.Build.0 = Debug|Any CPU
		{4977405D-6024-420C-A918-38C2AAD3A076}.Release|Any CPU.ActiveCfg = Release|Any CPU
		{4977405D-6024-420C-A918-38C2AAD3A076}.Release|Any CPU.Build.0 = Release|Any CPU
		{50C6AAB8-EDFA-4E7F-B818-E5DF1509A76F}.Debug|Any CPU.ActiveCfg = Debug|Any CPU
		{50C6AAB8-EDFA-4E7F-B818-E5DF1509A76F}.Debug|Any CPU.Build.0 = Debug|Any CPU
		{50C6AAB8-EDFA-4E7F-B818-E5DF1509A76F}.Release|Any CPU.ActiveCfg = Release|Any CPU
		{50C6AAB8-EDFA-4E7F-B818-E5DF1509A76F}.Release|Any CPU.Build.0 = Release|Any CPU
		{726D35B4-3969-4CEF-B5C8-CAE0918ECB7D}.Debug|Any CPU.ActiveCfg = Debug|Any CPU
		{726D35B4-3969-4CEF-B5C8-CAE0918ECB7D}.Debug|Any CPU.Build.0 = Debug|Any CPU
		{726D35B4-3969-4CEF-B5C8-CAE0918ECB7D}.Release|Any CPU.ActiveCfg = Release|Any CPU
		{726D35B4-3969-4CEF-B5C8-CAE0918ECB7D}.Release|Any CPU.Build.0 = Release|Any CPU
	EndGlobalSection
	GlobalSection(SolutionProperties) = preSolution
		HideSolutionNode = FALSE
	EndGlobalSection
	GlobalSection(ExtensibilityGlobals) = postSolution
		SolutionGuid = {3910E88F-3128-400D-AD6A-1846372F19F7}
	EndGlobalSection
EndGlobal
